
Microsoft Visual Studio Solution File, Format Version 12.00
# Visual Studio Version 16
VisualStudioVersion = 16.0.31424.327
MinimumVisualStudioVersion = 10.0.40219.1
Project("{FAE04EC0-301F-11D3-BF4B-00C04F79EFBC}") = "toolcrawl", "demotestq1\toolcrawl.csproj", "{D013F59A-A603-414C-8120-D41237A80C3F}"
EndProject
Global
	GlobalSection(SolutionConfigurationPlatforms) = preSolution
		Debug|Any CPU = Debug|Any CPU
		Release|Any CPU = Release|Any CPU
	EndGlobalSection
	GlobalSection(ProjectConfigurationPlatforms) = postSolution
		{D013F59A-A603-414C-8120-D41237A80C3F}.Debug|Any CPU.ActiveCfg = Debug|Any CPU
		{D013F59A-A603-414C-8120-D41237A80C3F}.Debug|Any CPU.Build.0 = Debug|Any CPU
		{D013F59A-A603-414C-8120-D41237A80C3F}.Release|Any CPU.ActiveCfg = Release|Any CPU
		{D013F59A-A603-414C-8120-D41237A80C3F}.Release|Any CPU.Build.0 = Release|Any CPU
	EndGlobalSection
	GlobalSection(SolutionProperties) = preSolution
		HideSolutionNode = FALSE
	EndGlobalSection
	GlobalSection(ExtensibilityGlobals) = postSolution
		SolutionGuid = {367643E5-8B00-4626-989A-44C4FFCD8EE4}
	EndGlobalSection
EndGlobal
